
Microsoft Visual Studio Solution File, Format Version 12.00
# Visual Studio Version 17
VisualStudioVersion = 17.14.36327.8 d17.14
MinimumVisualStudioVersion = 10.0.40219.1
Project("{FAE04EC0-301F-11D3-BF4B-00C04F79EFBC}") = "FixIt.API", "FixIt.API\FixIt.API.csproj", "{5AAC06E7-BE8C-4DB9-9281-EDF7DA9B885A}"
EndProject
Project("{FAE04EC0-301F-11D3-BF4B-00C04F79EFBC}") = "FixIt.Core", "FixIt.Core\FixIt.Core.csproj", "{F6076C80-29BB-421A-9AE9-556D1833B6DA}"
EndProject
Project("{FAE04EC0-301F-11D3-BF4B-00C04F79EFBC}") = "FixIt.Service", "FixIt.Service\FixIt.Service.csproj", "{32A5BE42-6496-4948-B948-019B63CD25E9}"
EndProject
Project("{FAE04EC0-301F-11D3-BF4B-00C04F79EFBC}") = "FixIt.Infrastructure", "FixIt.Infrastructure\FixIt.Infrastructure.csproj", "{35B21455-A59B-4C2E-98A2-59FE872183CA}"
EndProject
Project("{FAE04EC0-301F-11D3-BF4B-00C04F79EFBC}") = "FixIt.Domain", "FixIt.Domain\FixIt.Domain.csproj", "{4196A227-E274-47A0-839D-5C19CFA2804A}"
EndProject
Global
	GlobalSection(SolutionConfigurationPlatforms) = preSolution
		Debug|Any CPU = Debug|Any CPU
		Release|Any CPU = Release|Any CPU
	EndGlobalSection
	GlobalSection(ProjectConfigurationPlatforms) = postSolution
		{5AAC06E7-BE8C-4DB9-9281-EDF7DA9B885A}.Debug|Any CPU.ActiveCfg = Debug|Any CPU
		{5AAC06E7-BE8C-4DB9-9281-EDF7DA9B885A}.Debug|Any CPU.Build.0 = Debug|Any CPU
		{5AAC06E7-BE8C-4DB9-9281-EDF7DA9B885A}.Release|Any CPU.ActiveCfg = Release|Any CPU
		{5AAC06E7-BE8C-4DB9-9281-EDF7DA9B885A}.Release|Any CPU.Build.0 = Release|Any CPU
		{F6076C80-29BB-421A-9AE9-556D1833B6DA}.Debug|Any CPU.ActiveCfg = Debug|Any CPU
		{F6076C80-29BB-421A-9AE9-556D1833B6DA}.Debug|Any CPU.Build.0 = Debug|Any CPU
		{F6076C80-29BB-421A-9AE9-556D1833B6DA}.Release|Any CPU.ActiveCfg = Release|Any CPU
		{F6076C80-29BB-421A-9AE9-556D1833B6DA}.Release|Any CPU.Build.0 = Release|Any CPU
		{32A5BE42-6496-4948-B948-019B63CD25E9}.Debug|Any CPU.ActiveCfg = Debug|Any CPU
		{32A5BE42-6496-4948-B948-019B63CD25E9}.Debug|Any CPU.Build.0 = Debug|Any CPU
		{32A5BE42-6496-4948-B948-019B63CD25E9}.Release|Any CPU.ActiveCfg = Release|Any CPU
		{32A5BE42-6496-4948-B948-019B63CD25E9}.Release|Any CPU.Build.0 = Release|Any CPU
		{35B21455-A59B-4C2E-98A2-59FE872183CA}.Debug|Any CPU.ActiveCfg = Debug|Any CPU
		{35B21455-A59B-4C2E-98A2-59FE872183CA}.Debug|Any CPU.Build.0 = Debug|Any CPU
		{35B21455-A59B-4C2E-98A2-59FE872183CA}.Release|Any CPU.ActiveCfg = Release|Any CPU
		{35B21455-A59B-4C2E-98A2-59FE872183CA}.Release|Any CPU.Build.0 = Release|Any CPU
		{4196A227-E274-47A0-839D-5C19CFA2804A}.Debug|Any CPU.ActiveCfg = Debug|Any CPU
		{4196A227-E274-47A0-839D-5C19CFA2804A}.Debug|Any CPU.Build.0 = Debug|Any CPU
		{4196A227-E274-47A0-839D-5C19CFA2804A}.Release|Any CPU.ActiveCfg = Release|Any CPU
		{4196A227-E274-47A0-839D-5C19CFA2804A}.Release|Any CPU.Build.0 = Release|Any CPU
	EndGlobalSection
	GlobalSection(SolutionProperties) = preSolution
		HideSolutionNode = FALSE
	EndGlobalSection
	GlobalSection(ExtensibilityGlobals) = postSolution
		SolutionGuid = {EEB82083-69CF-44C9-870B-6DBE77AC6334}
	EndGlobalSection
EndGlobal
